PODS:
  - app_links (0.0.2):
    - Flutter
  - biometric_storage (0.0.1):
    - Flutter
  - device_info_plus (0.0.1):
    - Flutter
  - DKImagePickerController/Core (4.3.9):
    - DKImagePickerController/ImageDataManager
    - DKImagePickerController/Resource
  - DKImagePickerController/ImageDataManager (4.3.9)
  - DKImagePickerController/PhotoGallery (4.3.9):
    - DKImagePickerController/Core
    - DKPhotoGallery
  - DKImagePickerController/Resource (4.3.9)
  - DKPhotoGallery (0.0.19):
    - DKPhotoGallery/Core (= 0.0.19)
    - DKPhotoGallery/Model (= 0.0.19)
    - DKPhotoGallery/Preview (= 0.0.19)
    - DKPhotoGallery/Resource (= 0.0.19)
    - SDWebImage
    - SwiftyGif
  - DKPhotoGallery/Core (0.0.19):
    - DKPhotoGallery/Model
    - DKPhotoGallery/Preview
    - SDWebImage
    - SwiftyGif
  - DKPhotoGallery/Model (0.0.19):
    - SDWebImage
    - SwiftyGif
  - DKPhotoGallery/Preview (0.0.19):
    - DKPhotoGallery/Model
    - DKPhotoGallery/Resource
    - SDWebImage
    - SwiftyGif
  - DKPhotoGallery/Resource (0.0.19):
    - SDWebImage
    - SwiftyGif
  - file_picker (0.0.1):
    - DKImagePickerController/PhotoGallery
    - Flutter
  - Flutter (1.0.0)
  - flutter_inappwebview_ios (0.0.1):
    - Flutter
    - flutter_inappwebview_ios/Core (= 0.0.1)
    - OrderedSet (~> 6.0.3)
  - flutter_inappwebview_ios/Core (0.0.1):
    - Flutter
    - OrderedSet (~> 6.0.3)
  - flutter_native_splash (0.0.1):
    - Flutter
  - flutter_secure_storage (6.0.0):
    - Flutter
  - flutter_web_auth_2 (3.0.0):
    - Flutter
  - fluttertoast (0.0.2):
    - Flutter
  - FMDB/SQLCipher (2.7.11):
    - SQLCipher (~> 4.0)
  - image_gallery_saver (2.0.2):
    - Flutter
  - isar_flutter_libs (1.0.0):
    - Flutter
  - local_auth_darwin (0.0.1):
    - Flutter
    - FlutterMacOS
  - mobile_scanner (7.0.0):
    - Flutter
    - FlutterMacOS
  - move_to_background (0.0.1):
    - Flutter
  - native_device_orientation (0.0.1):
    - Flutter
  - OrderedSet (6.0.3)
  - package_info_plus (0.4.5):
    - Flutter
  - path_provider_foundation (0.0.1):
    - Flutter
    - FlutterMacOS
  - permission_handler_apple (9.3.0):
    - Flutter
  - protocol_handler_ios (0.0.1):
    - Flutter
  - restart_app (0.0.1):
    - Flutter
  - screen_protector (1.5.1):
    - Flutter
    - ScreenProtectorKit (= 1.5.1)
  - ScreenProtectorKit (1.5.1)
  - SDWebImage (5.19.7):
    - SDWebImage/Core (= 5.19.7)
  - SDWebImage/Core (5.19.7)
  - share_plus (0.0.1):
    - Flutter
  - sodium_libs (2.2.1):
    - Flutter
  - sqflite (0.0.3):
    - Flutter
    - FlutterMacOS
  - sqflite_sqlcipher (0.0.1):
    - Flutter
    - FMDB/SQLCipher (~> 2.7.5)
    - SQLCipher (= 4.5.7)
  - SQLCipher (4.5.7):
    - SQLCipher/standard (= 4.5.7)
  - SQLCipher/common (4.5.7)
  - SQLCipher/standard (4.5.7):
    - SQLCipher/common
  - SwiftyGif (5.4.5)
  - url_launcher_ios (0.0.1):
    - Flutter

DEPENDENCIES:
  - app_links (from `.symlinks/plugins/app_links/ios`)
  - biometric_storage (from `.symlinks/plugins/biometric_storage/ios`)
  - device_info_plus (from `.symlinks/plugins/device_info_plus/ios`)
  - file_picker (from `.symlinks/plugins/file_picker/ios`)
  - Flutter (from `Flutter`)
  - flutter_inappwebview_ios (from `.symlinks/plugins/flutter_inappwebview_ios/ios`)
  - flutter_native_splash (from `.symlinks/plugins/flutter_native_splash/ios`)
  - flutter_secure_storage (from `.symlinks/plugins/flutter_secure_storage/ios`)
  - flutter_web_auth_2 (from `.symlinks/plugins/flutter_web_auth_2/ios`)
  - fluttertoast (from `.symlinks/plugins/fluttertoast/ios`)
  - image_gallery_saver (from `.symlinks/plugins/image_gallery_saver/ios`)
  - isar_flutter_libs (from `.symlinks/plugins/isar_flutter_libs/ios`)
  - local_auth_darwin (from `.symlinks/plugins/local_auth_darwin/darwin`)
  - mobile_scanner (from `.symlinks/plugins/mobile_scanner/darwin`)
  - move_to_background (from `.symlinks/plugins/move_to_background/ios`)
  - native_device_orientation (from `.symlinks/plugins/native_device_orientation/ios`)
  - package_info_plus (from `.symlinks/plugins/package_info_plus/ios`)
  - path_provider_foundation (from `.symlinks/plugins/path_provider_foundation/darwin`)
  - permission_handler_apple (from `.symlinks/plugins/permission_handler_apple/ios`)
  - protocol_handler_ios (from `.symlinks/plugins/protocol_handler_ios/ios`)
  - restart_app (from `.symlinks/plugins/restart_app/ios`)
  - screen_protector (from `.symlinks/plugins/screen_protector/ios`)
  - share_plus (from `.symlinks/plugins/share_plus/ios`)
  - sodium_libs (from `.symlinks/plugins/sodium_libs/ios`)
  - sqflite (from `.symlinks/plugins/sqflite/darwin`)
  - sqflite_sqlcipher (from `.symlinks/plugins/sqflite_sqlcipher/ios`)
  - url_launcher_ios (from `.symlinks/plugins/url_launcher_ios/ios`)

SPEC REPOS:
  trunk:
    - DKImagePickerController
    - DKPhotoGallery
    - FMDB
    - OrderedSet
    - ScreenProtectorKit
    - SDWebImage
    - SQLCipher
    - SwiftyGif

EXTERNAL SOURCES:
  app_links:
    :path: ".symlinks/plugins/app_links/ios"
  biometric_storage:
    :path: ".symlinks/plugins/biometric_storage/ios"
  device_info_plus:
    :path: ".symlinks/plugins/device_info_plus/ios"
  file_picker:
    :path: ".symlinks/plugins/file_picker/ios"
  Flutter:
    :path: Flutter
  flutter_inappwebview_ios:
    :path: ".symlinks/plugins/flutter_inappwebview_ios/ios"
  flutter_native_splash:
    :path: ".symlinks/plugins/flutter_native_splash/ios"
  flutter_secure_storage:
    :path: ".symlinks/plugins/flutter_secure_storage/ios"
  flutter_web_auth_2:
    :path: ".symlinks/plugins/flutter_web_auth_2/ios"
  fluttertoast:
    :path: ".symlinks/plugins/fluttertoast/ios"
  image_gallery_saver:
    :path: ".symlinks/plugins/image_gallery_saver/ios"
  isar_flutter_libs:
    :path: ".symlinks/plugins/isar_flutter_libs/ios"
  local_auth_darwin:
    :path: ".symlinks/plugins/local_auth_darwin/darwin"
  mobile_scanner:
    :path: ".symlinks/plugins/mobile_scanner/darwin"
  move_to_background:
    :path: ".symlinks/plugins/move_to_background/ios"
  native_device_orientation:
    :path: ".symlinks/plugins/native_device_orientation/ios"
  package_info_plus:
    :path: ".symlinks/plugins/package_info_plus/ios"
  path_provider_foundation:
    :path: ".symlinks/plugins/path_provider_foundation/darwin"
  permission_handler_apple:
    :path: ".symlinks/plugins/permission_handler_apple/ios"
  protocol_handler_ios:
    :path: ".symlinks/plugins/protocol_handler_ios/ios"
  restart_app:
    :path: ".symlinks/plugins/restart_app/ios"
  screen_protector:
    :path: ".symlinks/plugins/screen_protector/ios"
  share_plus:
    :path: ".symlinks/plugins/share_plus/ios"
  sodium_libs:
    :path: ".symlinks/plugins/sodium_libs/ios"
  sqflite:
    :path: ".symlinks/plugins/sqflite/darwin"
  sqflite_sqlcipher:
    :path: ".symlinks/plugins/sqflite_sqlcipher/ios"
  url_launcher_ios:
    :path: ".symlinks/plugins/url_launcher_ios/ios"

SPEC CHECKSUMS:
  app_links: 76b66b60cc809390ca1ad69bfd66b998d2387ac7
  biometric_storage: 662167ef947fba48891850f0b3042f892a839e9a
  device_info_plus: 21fcca2080fbcd348be798aa36c3e5ed849eefbe
  DKImagePickerController: 946cec48c7873164274ecc4624d19e3da4c1ef3c
  DKPhotoGallery: b3834fecb755ee09a593d7c9e389d8b5d6deed60
  file_picker: a0560bc09d61de87f12d246fc47d2119e6ef37be
  Flutter: cabc95a1d2626b1b06e7179b784ebcf0c0cde467
  flutter_inappwebview_ios: b89ba3482b96fb25e00c967aae065701b66e9b99
  flutter_native_splash: 35ddbc7228eafcb3969dcc5f1fbbe27c1145a4f0
  flutter_secure_storage: 2c2ff13db9e0a5647389bff88b0ecac56e3f3418
  flutter_web_auth_2: 3464a7c16dc6480b6194fc89913bae6e82f28405
  fluttertoast: 2c67e14dce98bbdb200df9e1acf610d7a6264ea1
  FMDB: 57486c1117fd8e0e6b947b2f54c3f42bf8e57a4e
  image_gallery_saver: 14711d79da40581063e8842a11acf1969d781ed7
  isar_flutter_libs: 9fc2cfb928c539e1b76c481ba5d143d556d94920
  local_auth_darwin: c3ee6cce0a8d56be34c8ccb66ba31f7f180aaebb
  mobile_scanner: 9157936403f5a0644ca3779a38ff8404c5434a93
  move_to_background: 155f7bfbd34d43ad847cb630d2d2d87c17199710
  native_device_orientation: e3580675687d5034770da198f6839ebf2122ef94
  OrderedSet: e539b66b644ff081c73a262d24ad552a69be3a94
  package_info_plus: af8e2ca6888548050f16fa2f1938db7b5a5df499
  path_provider_foundation: 080d55be775b7414fd5a5ef3ac137b97b097e564
  permission_handler_apple: 4ed2196e43d0651e8ff7ca3483a069d469701f2d
  protocol_handler_ios: 59f23ee71f3ec602d67902ca7f669a80957888d5
  restart_app: 9cda5378aacc5000e3f66ee76a9201534e7d3ecf
  screen_protector: 18c6aca2dc5d2a832f6787a5318f97f03e9d3150
  ScreenProtectorKit: 6ceb3e0808341a9bc15d175bff40dfdd4b32da71
  SDWebImage: 8a6b7b160b4d710e2a22b6900e25301075c34cb3
  share_plus: 50da8cb520a8f0f65671c6c6a99b3617ed10a58a
  sodium_libs: 6c6d0e83f4ee427c6464caa1f1bdc2abf3ca0b7f
  sqflite: c35dad70033b8862124f8337cc994a809fcd9fa3
  sqflite_sqlcipher: 253ead9c2add962dbd31b1fd8cd5c0c6d3c736d1
  SQLCipher: 5e6bfb47323635c8b657b1b27d25c5f1baf63bf5
  SwiftyGif: 706c60cf65fa2bc5ee0313beece843c8eb8194d4
  url_launcher_ios: 694010445543906933d732453a59da0a173ae33d

PODFILE CHECKSUM: 03198fa0e7d6c5ef8c64d284f9d1ea2640ff5b6d

COCOAPODS: 1.16.2
